
Microsoft Visual Studio Solution File, Format Version 12.00
# Visual Studio 14
VisualStudioVersion = 14.0.25420.1
MinimumVisualStudioVersion = 10.0.40219.1
Project("{FAE04EC0-301F-11D3-BF4B-00C04F79EFBC}") = "ClinicaGalenos", "ClinicaGalenos\ClinicaGalenos.csproj", "{43661625-B2CE-4CF4-A380-66DEEFCEFE29}"
EndProject
Project("{FAE04EC0-301F-11D3-BF4B-00C04F79EFBC}") = "Biblioteca", "Biblioteca\Biblioteca.csproj", "{21D3F867-65BD-4EE4-8569-D40A873076FC}"
EndProject
Global
	GlobalSection(SolutionConfigurationPlatforms) = preSolution
		Debug|Any CPU = Debug|Any CPU
		Release|Any CPU = Release|Any CPU
	EndGlobalSection
	GlobalSection(ProjectConfigurationPlatforms) = postSolution
		{43661625-B2CE-4CF4-A380-66DEEFCEFE29}.Debug|Any CPU.ActiveCfg = Debug|Any CPU
		{43661625-B2CE-4CF4-A380-66DEEFCEFE29}.Debug|Any CPU.Build.0 = Debug|Any CPU
		{43661625-B2CE-4CF4-A380-66DEEFCEFE29}.Release|Any CPU.ActiveCfg = Release|Any CPU
		{43661625-B2CE-4CF4-A380-66DEEFCEFE29}.Release|Any CPU.Build.0 = Release|Any CPU
		{21D3F867-65BD-4EE4-8569-D40A873076FC}.Debug|Any CPU.ActiveCfg = Debug|Any CPU
		{21D3F867-65BD-4EE4-8569-D40A873076FC}.Debug|Any CPU.Build.0 = Debug|Any CPU
		{21D3F867-65BD-4EE4-8569-D40A873076FC}.Release|Any CPU.ActiveCfg = Release|Any CPU
		{21D3F867-65BD-4EE4-8569-D40A873076FC}.Release|Any CPU.Build.0 = Release|Any CPU
	EndGlobalSection
	GlobalSection(SolutionProperties) = preSolution
		HideSolutionNode = FALSE
	EndGlobalSection
EndGlobal
